
Microsoft Visual Studio Solution File, Format Version 12.00
# Visual Studio Version 16
VisualStudioVersion = 16.0.30611.23
MinimumVisualStudioVersion = 10.0.40219.1
Project("{FAE04EC0-301F-11D3-BF4B-00C04F79EFBC}") = "CreateDockerImage", "CreateDockerImage\CreateDockerImage.csproj", "{22AE7614-635F-43E4-A0F2-A921469BD283}"
EndProject
Global
	GlobalSection(SolutionConfigurationPlatforms) = preSolution
		Debug|Any CPU = Debug|Any CPU
		Release|Any CPU = Release|Any CPU
	EndGlobalSection
	GlobalSection(ProjectConfigurationPlatforms) = postSolution
		{22AE7614-635F-43E4-A0F2-A921469BD283}.Debug|Any CPU.ActiveCfg = Debug|Any CPU
		{22AE7614-635F-43E4-A0F2-A921469BD283}.Debug|Any CPU.Build.0 = Debug|Any CPU
		{22AE7614-635F-43E4-A0F2-A921469BD283}.Release|Any CPU.ActiveCfg = Release|Any CPU
		{22AE7614-635F-43E4-A0F2-A921469BD283}.Release|Any CPU.Build.0 = Release|Any CPU
	EndGlobalSection
	GlobalSection(SolutionProperties) = preSolution
		HideSolutionNode = FALSE
	EndGlobalSection
	GlobalSection(ExtensibilityGlobals) = postSolution
		SolutionGuid = {45194F80-E601-4534-B8B0-038984F0D3CC}
	EndGlobalSection
EndGlobal
